Microsoft Visual Studio Solution File, Format Version 11.00
# Visual Studio 2008

Project("{C09E1E13-8D77-115D-6817-A241C664BA53}") = "SBRT", "Assembly-CSharp.csproj", "{8127130F-FA68-5D72-5A20-9BE0FEDE6C44}"
EndProject
Project("{C09E1E13-8D77-115D-6817-A241C664BA53}") = "SBRT", "Assembly-CSharp-Editor.csproj", "{F23808E3-B4E8-80E5-8992-70E7DA3B92C7}"
EndProject
Project("{C09E1E13-8D77-115D-6817-A241C664BA53}") = "SBRT", "Assembly-UnityScript-firstpass.unityproj", "{4F07AC12-5091-D38D-70ED-E71D319DE540}"
EndProject
Global
	GlobalSection(SolutionConfigurationPlatforms) = preSolution
		Debug|Any CPU = Debug|Any CPU
		Release|Any CPU = Release|Any CPU
	EndGlobalSection
	GlobalSection(ProjectConfigurationPlatforms) = postSolution
		{8127130F-FA68-5D72-5A20-9BE0FEDE6C44}.Debug|Any CPU.ActiveCfg = Debug|Any CPU
		{8127130F-FA68-5D72-5A20-9BE0FEDE6C44}.Debug|Any CPU.Build.0 = Debug|Any CPU
		{8127130F-FA68-5D72-5A20-9BE0FEDE6C44}.Release|Any CPU.ActiveCfg = Release|Any CPU
		{8127130F-FA68-5D72-5A20-9BE0FEDE6C44}.Release|Any CPU.Build.0 = Release|Any CPU
		{F23808E3-B4E8-80E5-8992-70E7DA3B92C7}.Debug|Any CPU.ActiveCfg = Debug|Any CPU
		{F23808E3-B4E8-80E5-8992-70E7DA3B92C7}.Debug|Any CPU.Build.0 = Debug|Any CPU
		{F23808E3-B4E8-80E5-8992-70E7DA3B92C7}.Release|Any CPU.ActiveCfg = Release|Any CPU
		{F23808E3-B4E8-80E5-8992-70E7DA3B92C7}.Release|Any CPU.Build.0 = Release|Any CPU
		{4F07AC12-5091-D38D-70ED-E71D319DE540}.Debug|Any CPU.ActiveCfg = Debug|Any CPU
		{4F07AC12-5091-D38D-70ED-E71D319DE540}.Debug|Any CPU.Build.0 = Debug|Any CPU
		{4F07AC12-5091-D38D-70ED-E71D319DE540}.Release|Any CPU.ActiveCfg = Release|Any CPU
		{4F07AC12-5091-D38D-70ED-E71D319DE540}.Release|Any CPU.Build.0 = Release|Any CPU
	EndGlobalSection
	GlobalSection(SolutionProperties) = preSolution
		HideSolutionNode = FALSE
	EndGlobalSection
																																	GlobalSection(MonoDevelopProperties) = preSolution
		StartupItem = Assembly-CSharp.csproj
		Policies = $0
		$0.TextStylePolicy = $1
		$1.inheritsSet = null
		$1.scope = text/x-csharp
		$0.CSharpFormattingPolicy = $2
		$2.inheritsSet = Mono
		$2.inheritsScope = text/x-csharp
		$2.scope = text/x-csharp
		$0.TextStylePolicy = $3
		$3.FileWidth = 120
		$3.TabWidth = 4
		$3.EolMarker = Unix
		$3.inheritsSet = Mono
		$3.inheritsScope = text/plain
		$3.scope = text/plain
	EndGlobalSection

EndGlobal
